
Microsoft Visual Studio Solution File, Format Version 12.00
# Visual Studio Version 17
VisualStudioVersion = 17.0.32002.185
MinimumVisualStudioVersion = 10.0.40219.1
Project("{FAE04EC0-301F-11D3-BF4B-00C04F79EFBC}") = "SeleniumLearning", "SeleniumLearning\SeleniumLearning.csproj", "{722AEA9B-FFC8-4D6E-A23C-D9BA711EF7EA}"
EndProject
Global
	GlobalSection(SolutionConfigurationPlatforms) = preSolution
		Debug|Any CPU = Debug|Any CPU
		Release|Any CPU = Release|Any CPU
	EndGlobalSection
	GlobalSection(ProjectConfigurationPlatforms) = postSolution
		{722AEA9B-FFC8-4D6E-A23C-D9BA711EF7EA}.Debug|Any CPU.ActiveCfg = Debug|Any CPU
		{722AEA9B-FFC8-4D6E-A23C-D9BA711EF7EA}.Debug|Any CPU.Build.0 = Debug|Any CPU
		{722AEA9B-FFC8-4D6E-A23C-D9BA711EF7EA}.Release|Any CPU.ActiveCfg = Release|Any CPU
		{722AEA9B-FFC8-4D6E-A23C-D9BA711EF7EA}.Release|Any CPU.Build.0 = Release|Any CPU
	EndGlobalSection
	GlobalSection(SolutionProperties) = preSolution
		HideSolutionNode = FALSE
	EndGlobalSection
	GlobalSection(ExtensibilityGlobals) = postSolution
		SolutionGuid = {69B2FE10-D63E-4E0E-BB9B-D9292106CFE8}
	EndGlobalSection
EndGlobal
